
Microsoft Visual Studio Solution File, Format Version 12.00
# Visual Studio 15
VisualStudioVersion = 15.0.27004.2008
MinimumVisualStudioVersion = 10.0.40219.1
Project("{FAE04EC0-301F-11D3-BF4B-00C04F79EFBC}") = "FinalProject", "FinalProject\FinalProject.csproj", "{42FCB35D-55C9-465C-B633-C812B708BE3B}"
EndProject
Project("{FAE04EC0-301F-11D3-BF4B-00C04F79EFBC}") = "Auto_parking", "..\temp\Important\Auto_parking\Auto_parking.csproj", "{F6F8153E-7D25-4E66-9653-606AD3F41DFA}"
EndProject
Project("{FAE04EC0-301F-11D3-BF4B-00C04F79EFBC}") = "Camera", "Camera\Camera.csproj", "{3ED8831F-5D68-4055-B44B-0AAB8DCFB54C}"
EndProject
Project("{9A19103F-16F7-4668-BE54-9A1E7A4F7556}") = "WebManager", "WebManager\WebManager.csproj", "{6EFA5CD6-66FB-4B63-9558-58CAF6801F53}"
EndProject
Project("{9A19103F-16F7-4668-BE54-9A1E7A4F7556}") = "Services", "Services\Services.csproj", "{3EED0A95-83AD-416E-AB7F-999D190CC237}"
EndProject
Project("{9A19103F-16F7-4668-BE54-9A1E7A4F7556}") = "Extension", "Extension\Extension.csproj", "{5CAD11A6-7800-40CA-B6B6-0A2FB2891699}"
EndProject
Project("{9A19103F-16F7-4668-BE54-9A1E7A4F7556}") = "DataAccess", "Models\DataAccess.csproj", "{076DD985-B2B3-4049-A11A-4DCBBDB08972}"
EndProject
Global
	GlobalSection(SolutionConfigurationPlatforms) = preSolution
		Debug|Any CPU = Debug|Any CPU
		Debug|x64 = Debug|x64
		Release|Any CPU = Release|Any CPU
		Release|x64 = Release|x64
	EndGlobalSection
	GlobalSection(ProjectConfigurationPlatforms) = postSolution
		{42FCB35D-55C9-465C-B633-C812B708BE3B}.Debug|Any CPU.ActiveCfg = Debug|Any CPU
		{42FCB35D-55C9-465C-B633-C812B708BE3B}.Debug|Any CPU.Build.0 = Debug|Any CPU
		{42FCB35D-55C9-465C-B633-C812B708BE3B}.Debug|x64.ActiveCfg = Debug|x64
		{42FCB35D-55C9-465C-B633-C812B708BE3B}.Debug|x64.Build.0 = Debug|x64
		{42FCB35D-55C9-465C-B633-C812B708BE3B}.Release|Any CPU.ActiveCfg = Release|Any CPU
		{42FCB35D-55C9-465C-B633-C812B708BE3B}.Release|Any CPU.Build.0 = Release|Any CPU
		{42FCB35D-55C9-465C-B633-C812B708BE3B}.Release|x64.ActiveCfg = Release|x64
		{42FCB35D-55C9-465C-B633-C812B708BE3B}.Release|x64.Build.0 = Release|x64
		{F6F8153E-7D25-4E66-9653-606AD3F41DFA}.Debug|Any CPU.ActiveCfg = Debug|Any CPU
		{F6F8153E-7D25-4E66-9653-606AD3F41DFA}.Debug|Any CPU.Build.0 = Debug|Any CPU
		{F6F8153E-7D25-4E66-9653-606AD3F41DFA}.Debug|x64.ActiveCfg = Debug|Any CPU
		{F6F8153E-7D25-4E66-9653-606AD3F41DFA}.Release|Any CPU.ActiveCfg = Release|Any CPU
		{F6F8153E-7D25-4E66-9653-606AD3F41DFA}.Release|Any CPU.Build.0 = Release|Any CPU
		{F6F8153E-7D25-4E66-9653-606AD3F41DFA}.Release|x64.ActiveCfg = Release|Any CPU
		{3ED8831F-5D68-4055-B44B-0AAB8DCFB54C}.Debug|Any CPU.ActiveCfg = Debug|x64
		{3ED8831F-5D68-4055-B44B-0AAB8DCFB54C}.Debug|Any CPU.Build.0 = Debug|x64
		{3ED8831F-5D68-4055-B44B-0AAB8DCFB54C}.Debug|x64.ActiveCfg = Debug|x64
		{3ED8831F-5D68-4055-B44B-0AAB8DCFB54C}.Debug|x64.Build.0 = Debug|x64
		{3ED8831F-5D68-4055-B44B-0AAB8DCFB54C}.Release|Any CPU.ActiveCfg = Release|Any CPU
		{3ED8831F-5D68-4055-B44B-0AAB8DCFB54C}.Release|Any CPU.Build.0 = Release|Any CPU
		{3ED8831F-5D68-4055-B44B-0AAB8DCFB54C}.Release|x64.ActiveCfg = Release|x64
		{3ED8831F-5D68-4055-B44B-0AAB8DCFB54C}.Release|x64.Build.0 = Release|x64
		{6EFA5CD6-66FB-4B63-9558-58CAF6801F53}.Debug|Any CPU.ActiveCfg = Debug|Any CPU
		{6EFA5CD6-66FB-4B63-9558-58CAF6801F53}.Debug|Any CPU.Build.0 = Debug|Any CPU
		{6EFA5CD6-66FB-4B63-9558-58CAF6801F53}.Debug|x64.ActiveCfg = Debug|Any CPU
		{6EFA5CD6-66FB-4B63-9558-58CAF6801F53}.Debug|x64.Build.0 = Debug|Any CPU
		{6EFA5CD6-66FB-4B63-9558-58CAF6801F53}.Release|Any CPU.ActiveCfg = Release|Any CPU
		{6EFA5CD6-66FB-4B63-9558-58CAF6801F53}.Release|Any CPU.Build.0 = Release|Any CPU
		{6EFA5CD6-66FB-4B63-9558-58CAF6801F53}.Release|x64.ActiveCfg = Release|Any CPU
		{6EFA5CD6-66FB-4B63-9558-58CAF6801F53}.Release|x64.Build.0 = Release|Any CPU
		{3EED0A95-83AD-416E-AB7F-999D190CC237}.Debug|Any CPU.ActiveCfg = Debug|Any CPU
		{3EED0A95-83AD-416E-AB7F-999D190CC237}.Debug|Any CPU.Build.0 = Debug|Any CPU
		{3EED0A95-83AD-416E-AB7F-999D190CC237}.Debug|x64.ActiveCfg = Debug|Any CPU
		{3EED0A95-83AD-416E-AB7F-999D190CC237}.Debug|x64.Build.0 = Debug|Any CPU
		{3EED0A95-83AD-416E-AB7F-999D190CC237}.Release|Any CPU.ActiveCfg = Release|Any CPU
		{3EED0A95-83AD-416E-AB7F-999D190CC237}.Release|Any CPU.Build.0 = Release|Any CPU
		{3EED0A95-83AD-416E-AB7F-999D190CC237}.Release|x64.ActiveCfg = Release|Any CPU
		{3EED0A95-83AD-416E-AB7F-999D190CC237}.Release|x64.Build.0 = Release|Any CPU
		{5CAD11A6-7800-40CA-B6B6-0A2FB2891699}.Debug|Any CPU.ActiveCfg = Debug|Any CPU
		{5CAD11A6-7800-40CA-B6B6-0A2FB2891699}.Debug|Any CPU.Build.0 = Debug|Any CPU
		{5CAD11A6-7800-40CA-B6B6-0A2FB2891699}.Debug|x64.ActiveCfg = Debug|Any CPU
		{5CAD11A6-7800-40CA-B6B6-0A2FB2891699}.Debug|x64.Build.0 = Debug|Any CPU
		{5CAD11A6-7800-40CA-B6B6-0A2FB2891699}.Release|Any CPU.ActiveCfg = Release|Any CPU
		{5CAD11A6-7800-40CA-B6B6-0A2FB2891699}.Release|Any CPU.Build.0 = Release|Any CPU
		{5CAD11A6-7800-40CA-B6B6-0A2FB2891699}.Release|x64.ActiveCfg = Release|Any CPU
		{5CAD11A6-7800-40CA-B6B6-0A2FB2891699}.Release|x64.Build.0 = Release|Any CPU
		{076DD985-B2B3-4049-A11A-4DCBBDB08972}.Debug|Any CPU.ActiveCfg = Debug|Any CPU
		{076DD985-B2B3-4049-A11A-4DCBBDB08972}.Debug|Any CPU.Build.0 = Debug|Any CPU
		{076DD985-B2B3-4049-A11A-4DCBBDB08972}.Debug|x64.ActiveCfg = Debug|Any CPU
		{076DD985-B2B3-4049-A11A-4DCBBDB08972}.Debug|x64.Build.0 = Debug|Any CPU
		{076DD985-B2B3-4049-A11A-4DCBBDB08972}.Release|Any CPU.ActiveCfg = Release|Any CPU
		{076DD985-B2B3-4049-A11A-4DCBBDB08972}.Release|Any CPU.Build.0 = Release|Any CPU
		{076DD985-B2B3-4049-A11A-4DCBBDB08972}.Release|x64.ActiveCfg = Release|Any CPU
		{076DD985-B2B3-4049-A11A-4DCBBDB08972}.Release|x64.Build.0 = Release|Any CPU
	EndGlobalSection
	GlobalSection(SolutionProperties) = preSolution
		HideSolutionNode = FALSE
	EndGlobalSection
	GlobalSection(ExtensibilityGlobals) = postSolution
		SolutionGuid = {ABF7AA85-79BF-4F76-AE8C-E08A15C3D523}
	EndGlobalSection
EndGlobal
